
Microsoft Visual Studio Solution File, Format Version 12.00
# Visual Studio Version 17
VisualStudioVersion = 17.13.35828.75 d17.13
MinimumVisualStudioVersion = 10.0.40219.1
Project("{FAE04EC0-301F-11D3-BF4B-00C04F79EFBC}") = "HelloWorld", "HelloWorld\HelloWorld.csproj", "{A453E342-E608-433F-AD62-CB9839EECEE1}"
EndProject
Project("{FAE04EC0-301F-11D3-BF4B-00C04F79EFBC}") = "BasicGame", "BasicGame\BasicGame.csproj", "{ECD5967E-1C1B-428E-9057-EE2059EDA7F7}"
EndProject
Global
	GlobalSection(SolutionConfigurationPlatforms) = preSolution
		Debug|Any CPU = Debug|Any CPU
		Release|Any CPU = Release|Any CPU
	EndGlobalSection
	GlobalSection(ProjectConfigurationPlatforms) = postSolution
		{A453E342-E608-433F-AD62-CB9839EECEE1}.Debug|Any CPU.ActiveCfg = Debug|Any CPU
		{A453E342-E608-433F-AD62-CB9839EECEE1}.Debug|Any CPU.Build.0 = Debug|Any CPU
		{A453E342-E608-433F-AD62-CB9839EECEE1}.Release|Any CPU.ActiveCfg = Release|Any CPU
		{A453E342-E608-433F-AD62-CB9839EECEE1}.Release|Any CPU.Build.0 = Release|Any CPU
		{ECD5967E-1C1B-428E-9057-EE2059EDA7F7}.Debug|Any CPU.ActiveCfg = Debug|Any CPU
		{ECD5967E-1C1B-428E-9057-EE2059EDA7F7}.Debug|Any CPU.Build.0 = Debug|Any CPU
		{ECD5967E-1C1B-428E-9057-EE2059EDA7F7}.Release|Any CPU.ActiveCfg = Release|Any CPU
		{ECD5967E-1C1B-428E-9057-EE2059EDA7F7}.Release|Any CPU.Build.0 = Release|Any CPU
	EndGlobalSection
	GlobalSection(SolutionProperties) = preSolution
		HideSolutionNode = FALSE
	EndGlobalSection
	GlobalSection(ExtensibilityGlobals) = postSolution
		SolutionGuid = {D21C6C4B-3BDE-49B5-A506-240F58C2CD55}
	EndGlobalSection
EndGlobal
